// !$*UTF8*$!
{
	archiveVersion = 1;
	classes = {
	};
	objectVersion = 56;
	objects = {

/* Begin PBXBuildFile section */
		38B86DFF2A61319300686287 /* NanoChallenge3App.swift in Sources */ = {isa = PBXBuildFile; fileRef = 38B86DFE2A61319300686287 /* NanoChallenge3App.swift */; };
		38B86E012A61319300686287 /* ContentView.swift in Sources */ = {isa = PBXBuildFile; fileRef = 38B86E002A61319300686287 /* ContentView.swift */; };
		38B86E032A61319400686287 /* Assets.xcassets in Resources */ = {isa = PBXBuildFile; fileRef = 38B86E022A61319400686287 /* Assets.xcassets */; };
		38B86E062A61319400686287 /* Preview Assets.xcassets in Resources */ = {isa = PBXBuildFile; fileRef = 38B86E052A61319400686287 /* Preview Assets.xcassets */; };
		38B86E0C2A61319400686287 /* NanoChallenge3 Watch App.app in Embed Watch Content */ = {isa = PBXBuildFile; fileRef = 38B86E0B2A61319400686287 /* NanoChallenge3 Watch App.app */; settings = {ATTRIBUTES = (RemoveHeadersOnCopy, ); }; };
		38B86E112A61319400686287 /* NanoChallenge3App.swift in Sources */ = {isa = PBXBuildFile; fileRef = 38B86E102A61319400686287 /* NanoChallenge3App.swift */; };
		38B86E132A61319400686287 /* ContentView.swift in Sources */ = {isa = PBXBuildFile; fileRef = 38B86E122A61319400686287 /* ContentView.swift */; };
		38B86E152A61319500686287 /* Assets.xcassets in Resources */ = {isa = PBXBuildFile; fileRef = 38B86E142A61319500686287 /* Assets.xcassets */; };
		38B86E182A61319500686287 /* Preview Assets.xcassets in Resources */ = {isa = PBXBuildFile; fileRef = 38B86E172A61319500686287 /* Preview Assets.xcassets */; };
		3F47D54D2A662DA7006BF185 /* PaymentMethodView.swift in Sources */ = {isa = PBXBuildFile; fileRef = 3F47D54C2A662DA7006BF185 /* PaymentMethodView.swift */; };
		3F47D5502A662ECE006BF185 /* HeaderPayment.swift in Sources */ = {isa = PBXBuildFile; fileRef = 3F47D54F2A662ECE006BF185 /* HeaderPayment.swift */; };
		3F47D5522A66335A006BF185 /* ChoosePayment.swift in Sources */ = {isa = PBXBuildFile; fileRef = 3F47D5512A66335A006BF185 /* ChoosePayment.swift */; };
		3F47D55B2A667F3C006BF185 /* PayView.swift in Sources */ = {isa = PBXBuildFile; fileRef = 3F47D55A2A667F3C006BF185 /* PayView.swift */; };
		3F47D55D2A668018006BF185 /* MockPaymentModel.swift in Sources */ = {isa = PBXBuildFile; fileRef = 3F47D55C2A668018006BF185 /* MockPaymentModel.swift */; };
		3F47D55F2A668D9B006BF185 /* PaymentSuccessView.swift in Sources */ = {isa = PBXBuildFile; fileRef = 3F47D55E2A668D9B006BF185 /* PaymentSuccessView.swift */; };
		3F47D5612A682BB6006BF185 /* PaymentFailedView.swift in Sources */ = {isa = PBXBuildFile; fileRef = 3F47D5602A682BB6006BF185 /* PaymentFailedView.swift */; };
/* End PBXBuildFile section */

/* Begin PBXContainerItemProxy section */
		38B86E0D2A61319400686287 /* PBXContainerItemProxy */ = {
			isa = PBXContainerItemProxy;
			containerPortal = 38B86DF32A61319300686287 /* Project object */;
			proxyType = 1;
			remoteGlobalIDString = 38B86E0A2A61319400686287;
			remoteInfo = "NanoChallenge3 Watch App";
		};
/* End PBXContainerItemProxy section */

/* Begin PBXCopyFilesBuildPhase section */
		38B86E1E2A61319500686287 /* Embed Watch Content */ = {
			isa = PBXCopyFilesBuildPhase;
			buildActionMask = 2147483647;
			dstPath = "$(CONTENTS_FOLDER_PATH)/Watch";
			dstSubfolderSpec = 16;
			files = (
				38B86E0C2A61319400686287 /* NanoChallenge3 Watch App.app in Embed Watch Content */,
			);
			name = "Embed Watch Content";
			runOnlyForDeploymentPostprocessing = 0;
		};
/* End PBXCopyFilesBuildPhase section */

/* Begin PBXFileReference section */
		38B86DFB2A61319300686287 /* NanoChallenge3.app */ = {isa = PBXFileReference; explicitFileType = wrapper.application; includeInIndex = 0; path = NanoChallenge3.app; sourceTree = BUILT_PRODUCTS_DIR; };
		38B86DFE2A61319300686287 /* NanoChallenge3App.swift */ = {isa = PBXFileReference; lastKnownFileType = sourcecode.swift; path = NanoChallenge3App.swift; sourceTree = "<group>"; };
		38B86E002A61319300686287 /* ContentView.swift */ = {isa = PBXFileReference; lastKnownFileType = sourcecode.swift; path = ContentView.swift; sourceTree = "<group>"; };
		38B86E022A61319400686287 /* Assets.xcassets */ = {isa = PBXFileReference; lastKnownFileType = folder.assetcatalog; path = Assets.xcassets; sourceTree = "<group>"; };
		38B86E052A61319400686287 /* Preview Assets.xcassets */ = {isa = PBXFileReference; lastKnownFileType = folder.assetcatalog; path = "Preview Assets.xcassets"; sourceTree = "<group>"; };
		38B86E0B2A61319400686287 /* NanoChallenge3 Watch App.app */ = {isa = PBXFileReference; explicitFileType = wrapper.application; includeInIndex = 0; path = "NanoChallenge3 Watch App.app"; sourceTree = BUILT_PRODUCTS_DIR; };
		38B86E102A61319400686287 /* NanoChallenge3App.swift */ = {isa = PBXFileReference; lastKnownFileType = sourcecode.swift; path = NanoChallenge3App.swift; sourceTree = "<group>"; };
		38B86E122A61319400686287 /* ContentView.swift */ = {isa = PBXFileReference; lastKnownFileType = sourcecode.swift; path = ContentView.swift; sourceTree = "<group>"; };
		38B86E142A61319500686287 /* Assets.xcassets */ = {isa = PBXFileReference; lastKnownFileType = folder.assetcatalog; path = Assets.xcassets; sourceTree = "<group>"; };
		38B86E172A61319500686287 /* Preview Assets.xcassets */ = {isa = PBXFileReference; lastKnownFileType = folder.assetcatalog; path = "Preview Assets.xcassets"; sourceTree = "<group>"; };
		3F47D54C2A662DA7006BF185 /* PaymentMethodView.swift */ = {isa = PBXFileReference; lastKnownFileType = sourcecode.swift; path = PaymentMethodView.swift; sourceTree = "<group>"; };
		3F47D54F2A662ECE006BF185 /* HeaderPayment.swift */ = {isa = PBXFileReference; lastKnownFileType = sourcecode.swift; path = HeaderPayment.swift; sourceTree = "<group>"; };
		3F47D5512A66335A006BF185 /* ChoosePayment.swift */ = {isa = PBXFileReference; lastKnownFileType = sourcecode.swift; path = ChoosePayment.swift; sourceTree = "<group>"; };
		3F47D55A2A667F3C006BF185 /* PayView.swift */ = {isa = PBXFileReference; lastKnownFileType = sourcecode.swift; path = PayView.swift; sourceTree = "<group>"; };
		3F47D55C2A668018006BF185 /* MockPaymentModel.swift */ = {isa = PBXFileReference; lastKnownFileType = sourcecode.swift; path = MockPaymentModel.swift; sourceTree = "<group>"; };
		3F47D55E2A668D9B006BF185 /* PaymentSuccessView.swift */ = {isa = PBXFileReference; lastKnownFileType = sourcecode.swift; path = PaymentSuccessView.swift; sourceTree = "<group>"; };
		3F47D5602A682BB6006BF185 /* PaymentFailedView.swift */ = {isa = PBXFileReference; lastKnownFileType = sourcecode.swift; path = PaymentFailedView.swift; sourceTree = "<group>"; };
/* End PBXFileReference section */

/* Begin PBXFrameworksBuildPhase section */
		38B86DF82A61319300686287 /* Frameworks */ = {
			isa = PBXFrameworksBuildPhase;
			buildActionMask = 2147483647;
			files = (
			);
			runOnlyForDeploymentPostprocessing = 0;
		};
		38B86E082A61319400686287 /* Frameworks */ = {
			isa = PBXFrameworksBuildPhase;
			buildActionMask = 2147483647;
			files = (
			);
			runOnlyForDeploymentPostprocessing = 0;
		};
/* End PBXFrameworksBuildPhase section */

/* Begin PBXGroup section */
		38B86DF22A61319300686287 = {
			isa = PBXGroup;
			children = (
				38B86DFD2A61319300686287 /* NanoChallenge3 */,
				38B86E0F2A61319400686287 /* NanoChallenge3 Watch App */,
				38B86DFC2A61319300686287 /* Products */,
			);
			sourceTree = "<group>";
		};
		38B86DFC2A61319300686287 /* Products */ = {
			isa = PBXGroup;
			children = (
				38B86DFB2A61319300686287 /* NanoChallenge3.app */,
				38B86E0B2A61319400686287 /* NanoChallenge3 Watch App.app */,
			);
			name = Products;
			sourceTree = "<group>";
		};
		38B86DFD2A61319300686287 /* NanoChallenge3 */ = {
			isa = PBXGroup;
			children = (
				3F47D54E2A662DCA006BF185 /* PaymentMethod */,
				38B86DFE2A61319300686287 /* NanoChallenge3App.swift */,
				38B86E002A61319300686287 /* ContentView.swift */,
				38B86E022A61319400686287 /* Assets.xcassets */,
				38B86E042A61319400686287 /* Preview Content */,
			);
			path = NanoChallenge3;
			sourceTree = "<group>";
		};
		38B86E042A61319400686287 /* Preview Content */ = {
			isa = PBXGroup;
			children = (
				38B86E052A61319400686287 /* Preview Assets.xcassets */,
			);
			path = "Preview Content";
			sourceTree = "<group>";
		};
		38B86E0F2A61319400686287 /* NanoChallenge3 Watch App */ = {
			isa = PBXGroup;
			children = (
				38B86E102A61319400686287 /* NanoChallenge3App.swift */,
				38B86E122A61319400686287 /* ContentView.swift */,
				38B86E142A61319500686287 /* Assets.xcassets */,
				38B86E162A61319500686287 /* Preview Content */,
			);
			path = "NanoChallenge3 Watch App";
			sourceTree = "<group>";
		};
		38B86E162A61319500686287 /* Preview Content */ = {
			isa = PBXGroup;
			children = (
				38B86E172A61319500686287 /* Preview Assets.xcassets */,
			);
			path = "Preview Content";
			sourceTree = "<group>";
		};
		3F47D54E2A662DCA006BF185 /* PaymentMethod */ = {
			isa = PBXGroup;
			children = (
				3F47D5642A682CD2006BF185 /* ModelPayment */,
				3F47D5632A682CAF006BF185 /* ComponentPayment */,
				3F47D5622A682C9A006BF185 /* ScenePayment */,
			);
			path = PaymentMethod;
			sourceTree = "<group>";
		};
		3F47D5622A682C9A006BF185 /* ScenePayment */ = {
			isa = PBXGroup;
			children = (
				3F47D54C2A662DA7006BF185 /* PaymentMethodView.swift */,
				3F47D55A2A667F3C006BF185 /* PayView.swift */,
				3F47D55E2A668D9B006BF185 /* PaymentSuccessView.swift */,
				3F47D5602A682BB6006BF185 /* PaymentFailedView.swift */,
			);
			path = ScenePayment;
			sourceTree = "<group>";
		};
		3F47D5632A682CAF006BF185 /* ComponentPayment */ = {
			isa = PBXGroup;
			children = (
				3F47D54F2A662ECE006BF185 /* HeaderPayment.swift */,
				3F47D5512A66335A006BF185 /* ChoosePayment.swift */,
			);
			path = ComponentPayment;
			sourceTree = "<group>";
		};
		3F47D5642A682CD2006BF185 /* ModelPayment */ = {
			isa = PBXGroup;
			children = (
				3F47D55C2A668018006BF185 /* MockPaymentModel.swift */,
			);
			path = ModelPayment;
			sourceTree = "<group>";
		};
/* End PBXGroup section */

/* Begin PBXNativeTarget section */
		38B86DFA2A61319300686287 /* NanoChallenge3 */ = {
			isa = PBXNativeTarget;
			buildConfigurationList = 38B86E1F2A61319500686287 /* Build configuration list for PBXNativeTarget "NanoChallenge3" */;
			buildPhases = (
				38B86DF72A61319300686287 /* Sources */,
				38B86DF82A61319300686287 /* Frameworks */,
				38B86DF92A61319300686287 /* Resources */,
				38B86E1E2A61319500686287 /* Embed Watch Content */,
			);
			buildRules = (
			);
			dependencies = (
				38B86E0E2A61319400686287 /* PBXTargetDependency */,
			);
			name = NanoChallenge3;
			productName = NanoChallenge3;
			productReference = 38B86DFB2A61319300686287 /* NanoChallenge3.app */;
			productType = "com.apple.product-type.application";
		};
		38B86E0A2A61319400686287 /* NanoChallenge3 Watch App */ = {
			isa = PBXNativeTarget;
			buildConfigurationList = 38B86E1B2A61319500686287 /* Build configuration list for PBXNativeTarget "NanoChallenge3 Watch App" */;
			buildPhases = (
				38B86E072A61319400686287 /* Sources */,
				38B86E082A61319400686287 /* Frameworks */,
				38B86E092A61319400686287 /* Resources */,
			);
			buildRules = (
			);
			dependencies = (
			);
			name = "NanoChallenge3 Watch App";
			productName = "NanoChallenge3 Watch App";
			productReference = 38B86E0B2A61319400686287 /* NanoChallenge3 Watch App.app */;
			productType = "com.apple.product-type.application";
		};
/* End PBXNativeTarget section */

/* Begin PBXProject section */
		38B86DF32A61319300686287 /* Project object */ = {
			isa = PBXProject;
			attributes = {
				BuildIndependentTargetsInParallel = 1;
				LastSwiftUpdateCheck = 1430;
				LastUpgradeCheck = 1430;
				TargetAttributes = {
					38B86DFA2A61319300686287 = {
						CreatedOnToolsVersion = 14.3.1;
					};
					38B86E0A2A61319400686287 = {
						CreatedOnToolsVersion = 14.3.1;
					};
				};
			};
			buildConfigurationList = 38B86DF62A61319300686287 /* Build configuration list for PBXProject "NanoChallenge3" */;
			compatibilityVersion = "Xcode 14.0";
			developmentRegion = en;
			hasScannedForEncodings = 0;
			knownRegions = (
				en,
				Base,
			);
			mainGroup = 38B86DF22A61319300686287;
			productRefGroup = 38B86DFC2A61319300686287 /* Products */;
			projectDirPath = "";
			projectRoot = "";
			targets = (
				38B86DFA2A61319300686287 /* NanoChallenge3 */,
				38B86E0A2A61319400686287 /* NanoChallenge3 Watch App */,
			);
		};
/* End PBXProject section */

/* Begin PBXResourcesBuildPhase section */
		38B86DF92A61319300686287 /* Resources */ = {
			isa = PBXResourcesBuildPhase;
			buildActionMask = 2147483647;
			files = (
				38B86E062A61319400686287 /* Preview Assets.xcassets in Resources */,
				38B86E032A61319400686287 /* Assets.xcassets in Resources */,
			);
			runOnlyForDeploymentPostprocessing = 0;
		};
		38B86E092A61319400686287 /* Resources */ = {
			isa = PBXResourcesBuildPhase;
			buildActionMask = 2147483647;
			files = (
				38B86E182A61319500686287 /* Preview Assets.xcassets in Resources */,
				38B86E152A61319500686287 /* Assets.xcassets in Resources */,
			);
			runOnlyForDeploymentPostprocessing = 0;
		};
/* End PBXResourcesBuildPhase section */

/* Begin PBXSourcesBuildPhase section */
		38B86DF72A61319300686287 /* Sources */ = {
			isa = PBXSourcesBuildPhase;
			buildActionMask = 2147483647;
			files = (
				38B86E012A61319300686287 /* ContentView.swift in Sources */,
				3F47D5502A662ECE006BF185 /* HeaderPayment.swift in Sources */,
				3F47D55D2A668018006BF185 /* MockPaymentModel.swift in Sources */,
				38B86DFF2A61319300686287 /* NanoChallenge3App.swift in Sources */,
				3F47D55B2A667F3C006BF185 /* PayView.swift in Sources */,
				3F47D55F2A668D9B006BF185 /* PaymentSuccessView.swift in Sources */,
				3F47D5522A66335A006BF185 /* ChoosePayment.swift in Sources */,
				3F47D5612A682BB6006BF185 /* PaymentFailedView.swift in Sources */,
				3F47D54D2A662DA7006BF185 /* PaymentMethodView.swift in Sources */,
			);
			runOnlyForDeploymentPostprocessing = 0;
		};
		38B86E072A61319400686287 /* Sources */ = {
			isa = PBXSourcesBuildPhase;
			buildActionMask = 2147483647;
			files = (
				38B86E132A61319400686287 /* ContentView.swift in Sources */,
				38B86E112A61319400686287 /* NanoChallenge3App.swift in Sources */,
			);
			runOnlyForDeploymentPostprocessing = 0;
		};
/* End PBXSourcesBuildPhase section */

/* Begin PBXTargetDependency section */
		38B86E0E2A61319400686287 /* PBXTargetDependency */ = {
			isa = PBXTargetDependency;
			target = 38B86E0A2A61319400686287 /* NanoChallenge3 Watch App */;
			targetProxy = 38B86E0D2A61319400686287 /* PBXContainerItemProxy */;
		};
/* End PBXTargetDependency section */

/* Begin XCBuildConfiguration section */
		38B86E192A61319500686287 /* Debug */ = {
			isa = XCBuildConfiguration;
			buildSettings = {
				ALWAYS_SEARCH_USER_PATHS = NO;
				CLANG_ANALYZER_NONNULL = YES;
				CLANG_ANALYZER_NUMBER_OBJECT_CONVERSION = YES_AGGRESSIVE;
				CLANG_CXX_LANGUAGE_STANDARD = "gnu++20";
				CLANG_ENABLE_MODULES = YES;
				CLANG_ENABLE_OBJC_ARC = YES;
				CLANG_ENABLE_OBJC_WEAK = YES;
				CLANG_WARN_BLOCK_CAPTURE_AUTORELEASING = YES;
				CLANG_WARN_BOOL_CONVERSION = YES;
				CLANG_WARN_COMMA = YES;
				CLANG_WARN_CONSTANT_CONVERSION = YES;
				CLANG_WARN_DEPRECATED_OBJC_IMPLEMENTATIONS = YES;
				CLANG_WARN_DIRECT_OBJC_ISA_USAGE = YES_ERROR;
				CLANG_WARN_DOCUMENTATION_COMMENTS = YES;
				CLANG_WARN_EMPTY_BODY = YES;
				CLANG_WARN_ENUM_CONVERSION = YES;
				CLANG_WARN_INFINITE_RECURSION = YES;
				CLANG_WARN_INT_CONVERSION = YES;
				CLANG_WARN_NON_LITERAL_NULL_CONVERSION = YES;
				CLANG_WARN_OBJC_IMPLICIT_RETAIN_SELF = YES;
				CLANG_WARN_OBJC_LITERAL_CONVERSION = YES;
				CLANG_WARN_OBJC_ROOT_CLASS = YES_ERROR;
				CLANG_WARN_QUOTED_INCLUDE_IN_FRAMEWORK_HEADER = YES;
				CLANG_WARN_RANGE_LOOP_ANALYSIS = YES;
				CLANG_WARN_STRICT_PROTOTYPES = YES;
				CLANG_WARN_SUSPICIOUS_MOVE = YES;
				CLANG_WARN_UNGUARDED_AVAILABILITY = YES_AGGRESSIVE;
				CLANG_WARN_UNREACHABLE_CODE = YES;
				CLANG_WARN__DUPLICATE_METHOD_MATCH = YES;
				COPY_PHASE_STRIP = NO;
				DEBUG_INFORMATION_FORMAT = dwarf;
				ENABLE_STRICT_OBJC_MSGSEND = YES;
				ENABLE_TESTABILITY = YES;
				GCC_C_LANGUAGE_STANDARD = gnu11;
				GCC_DYNAMIC_NO_PIC = NO;
				GCC_NO_COMMON_BLOCKS = YES;
				GCC_OPTIMIZATION_LEVEL = 0;
				GCC_PREPROCESSOR_DEFINITIONS = (
					"DEBUG=1",
					"$(inherited)",
				);
				GCC_WARN_64_TO_32_BIT_CONVERSION = YES;
				GCC_WARN_ABOUT_RETURN_TYPE = YES_ERROR;
				GCC_WARN_UNDECLARED_SELECTOR = YES;
				GCC_WARN_UNINITIALIZED_AUTOS = YES_AGGRESSIVE;
				GCC_WARN_UNUSED_FUNCTION = YES;
				GCC_WARN_UNUSED_VARIABLE = YES;
				MTL_ENABLE_DEBUG_INFO = INCLUDE_SOURCE;
				MTL_FAST_MATH = YES;
				ONLY_ACTIVE_ARCH = YES;
				SWIFT_ACTIVE_COMPILATION_CONDITIONS = DEBUG;
				SWIFT_OPTIMIZATION_LEVEL = "-Onone";
			};
			name = Debug;
		};
		38B86E1A2A61319500686287 /* Release */ = {
			isa = XCBuildConfiguration;
			buildSettings = {
				ALWAYS_SEARCH_USER_PATHS = NO;
				CLANG_ANALYZER_NONNULL = YES;
				CLANG_ANALYZER_NUMBER_OBJECT_CONVERSION = YES_AGGRESSIVE;
				CLANG_CXX_LANGUAGE_STANDARD = "gnu++20";
				CLANG_ENABLE_MODULES = YES;
				CLANG_ENABLE_OBJC_ARC = YES;
				CLANG_ENABLE_OBJC_WEAK = YES;
				CLANG_WARN_BLOCK_CAPTURE_AUTORELEASING = YES;
				CLANG_WARN_BOOL_CONVERSION = YES;
				CLANG_WARN_COMMA = YES;
				CLANG_WARN_CONSTANT_CONVERSION = YES;
				CLANG_WARN_DEPRECATED_OBJC_IMPLEMENTATIONS = YES;
				CLANG_WARN_DIRECT_OBJC_ISA_USAGE = YES_ERROR;
				CLANG_WARN_DOCUMENTATION_COMMENTS = YES;
				CLANG_WARN_EMPTY_BODY = YES;
				CLANG_WARN_ENUM_CONVERSION = YES;
				CLANG_WARN_INFINITE_RECURSION = YES;
				CLANG_WARN_INT_CONVERSION = YES;
				CLANG_WARN_NON_LITERAL_NULL_CONVERSION = YES;
				CLANG_WARN_OBJC_IMPLICIT_RETAIN_SELF = YES;
				CLANG_WARN_OBJC_LITERAL_CONVERSION = YES;
				CLANG_WARN_OBJC_ROOT_CLASS = YES_ERROR;
				CLANG_WARN_QUOTED_INCLUDE_IN_FRAMEWORK_HEADER = YES;
				CLANG_WARN_RANGE_LOOP_ANALYSIS = YES;
				CLANG_WARN_STRICT_PROTOTYPES = YES;
				CLANG_WARN_SUSPICIOUS_MOVE = YES;
				CLANG_WARN_UNGUARDED_AVAILABILITY = YES_AGGRESSIVE;
				CLANG_WARN_UNREACHABLE_CODE = YES;
				CLANG_WARN__DUPLICATE_METHOD_MATCH = YES;
				COPY_PHASE_STRIP = NO;
				DEBUG_INFORMATION_FORMAT = "dwarf-with-dsym";
				ENABLE_NS_ASSERTIONS = NO;
				ENABLE_STRICT_OBJC_MSGSEND = YES;
				GCC_C_LANGUAGE_STANDARD = gnu11;
				GCC_NO_COMMON_BLOCKS = YES;
				GCC_WARN_64_TO_32_BIT_CONVERSION = YES;
				GCC_WARN_ABOUT_RETURN_TYPE = YES_ERROR;
				GCC_WARN_UNDECLARED_SELECTOR = YES;
				GCC_WARN_UNINITIALIZED_AUTOS = YES_AGGRESSIVE;
				GCC_WARN_UNUSED_FUNCTION = YES;
				GCC_WARN_UNUSED_VARIABLE = YES;
				MTL_ENABLE_DEBUG_INFO = NO;
				MTL_FAST_MATH = YES;
				SWIFT_COMPILATION_MODE = wholemodule;
				SWIFT_OPTIMIZATION_LEVEL = "-O";
			};
			name = Release;
		};
		38B86E1C2A61319500686287 /* Debug */ = {
			isa = XCBuildConfiguration;
			buildSettings = {
				ASSETCATALOG_COMPILER_APPICON_NAME = AppIcon;
				ASSETCATALOG_COMPILER_GLOBAL_ACCENT_COLOR_NAME = AccentColor;
				CODE_SIGN_STYLE = Automatic;
				CURRENT_PROJECT_VERSION = 1;
				DEVELOPMENT_ASSET_PATHS = "\"NanoChallenge3 Watch App/Preview Content\"";
				DEVELOPMENT_TEAM = UWJ26F79V5;
				ENABLE_PREVIEWS = YES;
				GENERATE_INFOPLIST_FILE = YES;
				INFOPLIST_KEY_CFBundleDisplayName = NanoChallenge3;
				INFOPLIST_KEY_UISupportedInterfaceOrientations = "UIInterfaceOrientationPortrait UIInterfaceOrientationPortraitUpsideDown";
				INFOPLIST_KEY_WKCompanionAppBundleIdentifier = id.NC3.NanoChallenge3;
				LD_RUNPATH_SEARCH_PATHS = (
					"$(inherited)",
					"@executable_path/Frameworks",
				);
				MARKETING_VERSION = 1.0;
				PRODUCT_BUNDLE_IDENTIFIER = id.NC3.NanoChallenge3.watchkitapp;
				PRODUCT_NAME = "$(TARGET_NAME)";
				SDKROOT = watchos;
				SKIP_INSTALL = YES;
				SWIFT_EMIT_LOC_STRINGS = YES;
				SWIFT_VERSION = 5.0;
				TARGETED_DEVICE_FAMILY = 4;
				WATCHOS_DEPLOYMENT_TARGET = 9.4;
			};
			name = Debug;
		};
		38B86E1D2A61319500686287 /* Release */ = {
			isa = XCBuildConfiguration;
			buildSettings = {
				ASSETCATALOG_COMPILER_APPICON_NAME = AppIcon;
				ASSETCATALOG_COMPILER_GLOBAL_ACCENT_COLOR_NAME = AccentColor;
				CODE_SIGN_STYLE = Automatic;
				CURRENT_PROJECT_VERSION = 1;
				DEVELOPMENT_ASSET_PATHS = "\"NanoChallenge3 Watch App/Preview Content\"";
				DEVELOPMENT_TEAM = UWJ26F79V5;
				ENABLE_PREVIEWS = YES;
				GENERATE_INFOPLIST_FILE = YES;
				INFOPLIST_KEY_CFBundleDisplayName = NanoChallenge3;
				INFOPLIST_KEY_UISupportedInterfaceOrientations = "UIInterfaceOrientationPortrait UIInterfaceOrientationPortraitUpsideDown";
				INFOPLIST_KEY_WKCompanionAppBundleIdentifier = id.NC3.NanoChallenge3;
				LD_RUNPATH_SEARCH_PATHS = (
					"$(inherited)",
					"@executable_path/Frameworks",
				);
				MARKETING_VERSION = 1.0;
				PRODUCT_BUNDLE_IDENTIFIER = id.NC3.NanoChallenge3.watchkitapp;
				PRODUCT_NAME = "$(TARGET_NAME)";
				SDKROOT = watchos;
				SKIP_INSTALL = YES;
				SWIFT_EMIT_LOC_STRINGS = YES;
				SWIFT_VERSION = 5.0;
				TARGETED_DEVICE_FAMILY = 4;
				VALIDATE_PRODUCT = YES;
				WATCHOS_DEPLOYMENT_TARGET = 9.4;
			};
			name = Release;
		};
		38B86E202A61319500686287 /* Debug */ = {
			isa = XCBuildConfiguration;
			buildSettings = {
				ALWAYS_EMBED_SWIFT_STANDARD_LIBRARIES = YES;
				ASSETCATALOG_COMPILER_APPICON_NAME = AppIcon;
				ASSETCATALOG_COMPILER_GLOBAL_ACCENT_COLOR_NAME = AccentColor;
				CODE_SIGN_STYLE = Automatic;
				CURRENT_PROJECT_VERSION = 1;
				DEVELOPMENT_ASSET_PATHS = "\"NanoChallenge3/Preview Content\"";
				DEVELOPMENT_TEAM = UWJ26F79V5;
				ENABLE_PREVIEWS = YES;
				GENERATE_INFOPLIST_FILE = YES;
				INFOPLIST_KEY_CFBundleDisplayName = NanoChallenge3;
				INFOPLIST_KEY_UIApplicationSceneManifest_Generation = YES;
				INFOPLIST_KEY_UIApplicationSupportsIndirectInputEvents = YES;
				INFOPLIST_KEY_UILaunchScreen_Generation = YES;
				INFOPLIST_KEY_UISupportedInterfaceOrientations_iPad = "UIInterfaceOrientationPortrait UIInterfaceOrientationPortraitUpsideDown UIInterfaceOrientationLandscapeLeft UIInterfaceOrientationLandscapeRight";
				INFOPLIST_KEY_UISupportedInterfaceOrientations_iPhone = "UIInterfaceOrientationPortrait UIInterfaceOrientationLandscapeLeft UIInterfaceOrientationLandscapeRight";
				IPHONEOS_DEPLOYMENT_TARGET = 16.4;
				LD_RUNPATH_SEARCH_PATHS = (
					"$(inherited)",
					"@executable_path/Frameworks",
				);
				MARKETING_VERSION = 1.0;
				PRODUCT_BUNDLE_IDENTIFIER = id.NC3.NanoChallenge3;
				PRODUCT_NAME = "$(TARGET_NAME)";
				SDKROOT = iphoneos;
				SWIFT_EMIT_LOC_STRINGS = YES;
				SWIFT_VERSION = 5.0;
				TARGETED_DEVICE_FAMILY = "1,2";
			};
			name = Debug;
		};
		38B86E212A61319500686287 /* Release */ = {
			isa = XCBuildConfiguration;
			buildSettings = {
				ALWAYS_EMBED_SWIFT_STANDARD_LIBRARIES = YES;
				ASSETCATALOG_COMPILER_APPICON_NAME = AppIcon;
				ASSETCATALOG_COMPILER_GLOBAL_ACCENT_COLOR_NAME = AccentColor;
				CODE_SIGN_STYLE = Automatic;
				CURRENT_PROJECT_VERSION = 1;
				DEVELOPMENT_ASSET_PATHS = "\"NanoChallenge3/Preview Content\"";
				DEVELOPMENT_TEAM = UWJ26F79V5;
				ENABLE_PREVIEWS = YES;
				GENERATE_INFOPLIST_FILE = YES;
				INFOPLIST_KEY_CFBundleDisplayName = NanoChallenge3;
				INFOPLIST_KEY_UIApplicationSceneManifest_Generation = YES;
				INFOPLIST_KEY_UIApplicationSupportsIndirectInputEvents = YES;
				INFOPLIST_KEY_UILaunchScreen_Generation = YES;
				INFOPLIST_KEY_UISupportedInterfaceOrientations_iPad = "UIInterfaceOrientationPortrait UIInterfaceOrientationPortraitUpsideDown UIInterfaceOrientationLandscapeLeft UIInterfaceOrientationLandscapeRight";
				INFOPLIST_KEY_UISupportedInterfaceOrientations_iPhone = "UIInterfaceOrientationPortrait UIInterfaceOrientationLandscapeLeft UIInterfaceOrientationLandscapeRight";
				IPHONEOS_DEPLOYMENT_TARGET = 16.4;
				LD_RUNPATH_SEARCH_PATHS = (
					"$(inherited)",
					"@executable_path/Frameworks",
				);
				MARKETING_VERSION = 1.0;
				PRODUCT_BUNDLE_IDENTIFIER = id.NC3.NanoChallenge3;
				PRODUCT_NAME = "$(TARGET_NAME)";
				SDKROOT = iphoneos;
				SWIFT_EMIT_LOC_STRINGS = YES;
				SWIFT_VERSION = 5.0;
				TARGETED_DEVICE_FAMILY = "1,2";
				VALIDATE_PRODUCT = YES;
			};
			name = Release;
		};
/* End XCBuildConfiguration section */

/* Begin XCConfigurationList section */
		38B86DF62A61319300686287 /* Build configuration list for PBXProject "NanoChallenge3" */ = {
			isa = XCConfigurationList;
			buildConfigurations = (
				38B86E192A61319500686287 /* Debug */,
				38B86E1A2A61319500686287 /* Release */,
			);
			defaultConfigurationIsVisible = 0;
			defaultConfigurationName = Release;
		};
		38B86E1B2A61319500686287 /* Build configuration list for PBXNativeTarget "NanoChallenge3 Watch App" */ = {
			isa = XCConfigurationList;
			buildConfigurations = (
				38B86E1C2A61319500686287 /* Debug */,
				38B86E1D2A61319500686287 /* Release */,
			);
			defaultConfigurationIsVisible = 0;
			defaultConfigurationName = Release;
		};
		38B86E1F2A61319500686287 /* Build configuration list for PBXNativeTarget "NanoChallenge3" */ = {
			isa = XCConfigurationList;
			buildConfigurations = (
				38B86E202A61319500686287 /* Debug */,
				38B86E212A61319500686287 /* Release */,
			);
			defaultConfigurationIsVisible = 0;
			defaultConfigurationName = Release;
		};
/* End XCConfigurationList section */
	};
	rootObject = 38B86DF32A61319300686287 /* Project object */;
}
